{
  "name": "tracearr-automation-templates",
  "lockfileVersion": 3,
  "requires": true,
  "packages": {
    "": {
      "name": "tracearr-automation-templates",
      "license": "AGPL-3.0",
      "dependencies": {
        "@tracearr/shared": "next"
      },
      "devDependencies": {
        "prettier": "^3.8.1"
      }
    },
    "node_modules/@tracearr/shared": {
      "version": "2.3.0-beta.8",
      "resolved": "https://registry.npmjs.org/@tracearr/shared/-/shared-2.3.0-beta.8.tgz",
      "integrity": "sha512-IXEpCjhkrK0gdyv5Arxfcbn7vBlpWaIz58wLhako9N5aypAD7waax+uXqH6VbBPC/Gk4fQjGHP0tYZ1YQjrrmQ==",
      "license": "AGPL-3.0-only",
      "dependencies": {
        "zod": "^4.4.3"
      }
    },
    "node_modules/prettier": {
      "version": "3.9.6",
      "resolved": "https://registry.npmjs.org/prettier/-/prettier-3.9.6.tgz",
      "integrity": "sha512-OpN0zzVdiaiAhxpuuj5efpIS4sY9j7bY6uR5mnj5yPzGkdkjNKSJeUThPb60Jw29QuAZgA4o+/iB49kFiaBX6g==",
      "dev": true,
      "license": "MIT",
      "bin": {
        "prettier": "bin/prettier.cjs"
      },
      "engines": {
        "node": ">=14"
      },
      "funding": {
        "url": "https://github.com/prettier/prettier?sponsor=1"
      }
    },
    "node_modules/zod": {
      "version": "4.5.4",
      "resolved": "https://registry.npmjs.org/zod/-/zod-4.5.4.tgz",
      "integrity": "sha512-sC95tT5iHHH9gtpj6A81kh+NEaRAUFN+qlUPDUbRfOMvNf5QCBqsb3WgvnpVtK5Y+4UfA6KqufotuTvMGiTlsA==",
      "license": "MIT",
      "funding": {
        "url": "https://github.com/sponsors/colinhacks"
      }
    }
  }
}
